
Microsoft Visual Studio Solution File, Format Version 12.00
# Visual Studio 15
VisualStudioVersion = 15.0.26228.4
MinimumVisualStudioVersion = 10.0.40219.1
Project("{FAE04EC0-301F-11D3-BF4B-00C04F79EFBC}") = "SerialPortCommunication", "DebugAndTests\UsbCommunication\SerialPortCommunication.csproj", "{882F3AD5-02F3-4950-BAA3-6C348691753A}"
EndProject
Project("{2150E333-8FDC-42A3-9474-1A3956D46DE8}") = "DebugAndTests", "DebugAndTests", "{4496BEA4-5FB9-4C0D-A528-119A4FA4D2A7}"
EndProject
Project("{2150E333-8FDC-42A3-9474-1A3956D46DE8}") = "Common", "Common", "{FF8CAD48-E2E6-4A7C-AC72-E36F4E8F7D8D}"
EndProject
Project("{FAE04EC0-301F-11D3-BF4B-00C04F79EFBC}") = "Common", "Common\Common\Common.csproj", "{9209EF3E-07D2-4B68-9880-D798557317A8}"
EndProject
Project("{2150E333-8FDC-42A3-9474-1A3956D46DE8}") = "Challenges", "Challenges", "{6B929804-72C2-4108-ADAB-45B98B0AA85A}"
EndProject
Project("{FAE04EC0-301F-11D3-BF4B-00C04F79EFBC}") = "Challenges", "Challenges\Challenges.csproj", "{A9BC24C3-A6E8-4ED0-B59E-398B8927C505}"
EndProject
Global
	GlobalSection(SolutionConfigurationPlatforms) = preSolution
		Debug|Any CPU = Debug|Any CPU
		Release|Any CPU = Release|Any CPU
	EndGlobalSection
	GlobalSection(ProjectConfigurationPlatforms) = postSolution
		{882F3AD5-02F3-4950-BAA3-6C348691753A}.Debug|Any CPU.ActiveCfg = Debug|Any CPU
		{882F3AD5-02F3-4950-BAA3-6C348691753A}.Debug|Any CPU.Build.0 = Debug|Any CPU
		{882F3AD5-02F3-4950-BAA3-6C348691753A}.Release|Any CPU.ActiveCfg = Release|Any CPU
		{882F3AD5-02F3-4950-BAA3-6C348691753A}.Release|Any CPU.Build.0 = Release|Any CPU
		{9209EF3E-07D2-4B68-9880-D798557317A8}.Debug|Any CPU.ActiveCfg = Debug|Any CPU
		{9209EF3E-07D2-4B68-9880-D798557317A8}.Debug|Any CPU.Build.0 = Debug|Any CPU
		{9209EF3E-07D2-4B68-9880-D798557317A8}.Release|Any CPU.ActiveCfg = Release|Any CPU
		{9209EF3E-07D2-4B68-9880-D798557317A8}.Release|Any CPU.Build.0 = Release|Any CPU
		{A9BC24C3-A6E8-4ED0-B59E-398B8927C505}.Debug|Any CPU.ActiveCfg = Debug|Any CPU
		{A9BC24C3-A6E8-4ED0-B59E-398B8927C505}.Debug|Any CPU.Build.0 = Debug|Any CPU
		{A9BC24C3-A6E8-4ED0-B59E-398B8927C505}.Release|Any CPU.ActiveCfg = Release|Any CPU
		{A9BC24C3-A6E8-4ED0-B59E-398B8927C505}.Release|Any CPU.Build.0 = Release|Any CPU
	EndGlobalSection
	GlobalSection(SolutionProperties) = preSolution
		HideSolutionNode = FALSE
	EndGlobalSection
	GlobalSection(NestedProjects) = preSolution
		{882F3AD5-02F3-4950-BAA3-6C348691753A} = {4496BEA4-5FB9-4C0D-A528-119A4FA4D2A7}
		{9209EF3E-07D2-4B68-9880-D798557317A8} = {FF8CAD48-E2E6-4A7C-AC72-E36F4E8F7D8D}
		{A9BC24C3-A6E8-4ED0-B59E-398B8927C505} = {6B929804-72C2-4108-ADAB-45B98B0AA85A}
	EndGlobalSection
EndGlobal
